
Microsoft Visual Studio Solution File, Format Version 12.00
# Visual Studio Version 16
VisualStudioVersion = 16.0.29409.12
MinimumVisualStudioVersion = 10.0.40219.1
Project("{8BC9CEB8-8B4A-11D0-8D11-00A0C91BC942}") = "HUFFMAN", "HUFFMAN\HUFFMAN.vcxproj", "{B7EB90CD-7082-45A4-9E27-5E0CA3516233}"
EndProject
Global
	GlobalSection(SolutionConfigurationPlatforms) = preSolution
		Debug|x64 = Debug|x64
		Debug|x86 = Debug|x86
		Release|x64 = Release|x64
		Release|x86 = Release|x86
	EndGlobalSection
	GlobalSection(ProjectConfigurationPlatforms) = postSolution
		{B7EB90CD-7082-45A4-9E27-5E0CA3516233}.Debug|x64.ActiveCfg = Debug|x64
		{B7EB90CD-7082-45A4-9E27-5E0CA3516233}.Debug|x64.Build.0 = Debug|x64
		{B7EB90CD-7082-45A4-9E27-5E0CA3516233}.Debug|x86.ActiveCfg = Debug|Win32
		{B7EB90CD-7082-45A4-9E27-5E0CA3516233}.Debug|x86.Build.0 = Debug|Win32
		{B7EB90CD-7082-45A4-9E27-5E0CA3516233}.Release|x64.ActiveCfg = Release|x64
		{B7EB90CD-7082-45A4-9E27-5E0CA3516233}.Release|x64.Build.0 = Release|x64
		{B7EB90CD-7082-45A4-9E27-5E0CA3516233}.Release|x86.ActiveCfg = Release|Win32
		{B7EB90CD-7082-45A4-9E27-5E0CA3516233}.Release|x86.Build.0 = Release|Win32
	EndGlobalSection
	GlobalSection(SolutionProperties) = preSolution
		HideSolutionNode = FALSE
	EndGlobalSection
	GlobalSection(ExtensibilityGlobals) = postSolution
		SolutionGuid = {757C5419-A1C2-4968-80D9-22FED90F56FA}
	EndGlobalSection
EndGlobal
